
Microsoft Visual Studio Solution File, Format Version 12.00
Project("{FAE04EC0-301F-11D3-BF4B-00C04F79EFBC}") = "BinChillingTools", "BinChillingTools\BinChillingTools.csproj", "{61575FD5-94DB-45BB-AE13-AB671EEB0166}"
EndProject
Project("{FAE04EC0-301F-11D3-BF4B-00C04F79EFBC}") = "BinChillingTools.Benchmarkers", "BinChillingTools.Benchmarkers\BinChillingTools.Benchmarkers.csproj", "{4EF0AC0C-D20B-4CA1-B22E-A10A71BEF2BB}"
EndProject
Global
	GlobalSection(SolutionConfigurationPlatforms) = preSolution
		Debug|Any CPU = Debug|Any CPU
		Release|Any CPU = Release|Any CPU
	EndGlobalSection
	GlobalSection(ProjectConfigurationPlatforms) = postSolution
		{61575FD5-94DB-45BB-AE13-AB671EEB0166}.Debug|Any CPU.ActiveCfg = Debug|Any CPU
		{61575FD5-94DB-45BB-AE13-AB671EEB0166}.Debug|Any CPU.Build.0 = Debug|Any CPU
		{61575FD5-94DB-45BB-AE13-AB671EEB0166}.Release|Any CPU.ActiveCfg = Release|Any CPU
		{61575FD5-94DB-45BB-AE13-AB671EEB0166}.Release|Any CPU.Build.0 = Release|Any CPU
		{4EF0AC0C-D20B-4CA1-B22E-A10A71BEF2BB}.Debug|Any CPU.ActiveCfg = Debug|Any CPU
		{4EF0AC0C-D20B-4CA1-B22E-A10A71BEF2BB}.Debug|Any CPU.Build.0 = Debug|Any CPU
		{4EF0AC0C-D20B-4CA1-B22E-A10A71BEF2BB}.Release|Any CPU.ActiveCfg = Release|Any CPU
		{4EF0AC0C-D20B-4CA1-B22E-A10A71BEF2BB}.Release|Any CPU.Build.0 = Release|Any CPU
	EndGlobalSection
EndGlobal
